
Microsoft Visual Studio Solution File, Format Version 12.00
# Visual Studio 15
VisualStudioVersion = 15.0.28307.168
MinimumVisualStudioVersion = 10.0.40219.1
Project("{888888A0-9F3D-457C-B088-3A5042F75D52}") = "config-gen", "config-gen.pyproj", "{A475C4FE-C8E1-4B8E-806B-219345BE8662}"
EndProject
Global
	GlobalSection(SolutionConfigurationPlatforms) = preSolution
		Debug|Any CPU = Debug|Any CPU
		Release|Any CPU = Release|Any CPU
	EndGlobalSection
	GlobalSection(ProjectConfigurationPlatforms) = postSolution
		{A475C4FE-C8E1-4B8E-806B-219345BE8662}.Debug|Any CPU.ActiveCfg = Debug|Any CPU
		{A475C4FE-C8E1-4B8E-806B-219345BE8662}.Release|Any CPU.ActiveCfg = Release|Any CPU
	EndGlobalSection
	GlobalSection(SolutionProperties) = preSolution
		HideSolutionNode = FALSE
	EndGlobalSection
	GlobalSection(ExtensibilityGlobals) = postSolution
		SolutionGuid = {D4B3F913-CF33-4E4A-936E-BAB6A59387A6}
	EndGlobalSection
EndGlobal
